<?xml version="1.0" encoding="utf-8"?>
<Project ToolsVersion="4.0" xmlns="http://schemas.microsoft.com/developer/msbuild/2003">
  <ItemGroup>
    <Filter Include="Source Files">
      <UniqueIdentifier>{4FC737F1-C7A5-4376-A066-2A32D752A2FF}</UniqueIdentifier>
      <Extensions>cpp;c;cc;cxx;def;odl;idl;hpj;bat;asm;asmx</Extensions>
    </Filter>
    <Filter Include="Header Files">
      <UniqueIdentifier>{93995380-89BD-4b04-88EB-625FBE52EBFB}</UniqueIdentifier>
      <Extensions>h;hh;hpp;hxx;hm;inl;inc;xsd</Extensions>
    </Filter>
    <Filter Include="Resource Files">
      <UniqueIdentifier>{67DA6AB6-F800-4c08-8B7A-83BB121AAD01}</UniqueIdentifier>
      <Extensions>rc;ico;cur;bmp;dlg;rc2;rct;bin;rgs;gif;jpg;jpeg;jpe;resx;tiff;tif;png;wav;mfcribbon-ms</Extensions>
    </Filter>
  </ItemGroup>
  <ItemGroup>
    <ClInclude Include="stdafx.h">
      <Filter>Header Files</Filter>
    </ClInclude>
    <ClInclude Include="targetver.h">
      <Filter>Header Files</Filter>
    </ClInclude>
    <ClInclude Include="ANTLRGenerated\Verilog2001BaseVisitor.h">
      <Filter>Header Files</Filter>
    </ClInclude>
    <ClInclude Include="ANTLRGenerated\Verilog2001Lexer.h">
      <Filter>Header Files</Filter>
    </ClInclude>
    <ClInclude Include="ANTLRGenerated\Verilog2001Parser.h">
      <Filter>Header Files</Filter>
    </ClInclude>
    <ClInclude Include="ANTLRGenerated\Verilog2001Visitor.h">
      <Filter>Header Files</Filter>
    </ClInclude>
    <ClInclude Include="sources\vlog_import\ec_vlog_base_importer.hpp">
      <Filter>Header Files</Filter>
    </ClInclude>
    <ClInclude Include="sources\vlog_import\ec_vlog_design_unit_importer.hpp">
      <Filter>Header Files</Filter>
    </ClInclude>
    <ClInclude Include="sources\vlog_import\ec_vlog_port_importer.hpp">
      <Filter>Header Files</Filter>
    </ClInclude>
    <ClInclude Include="api\ec_iaccessor.hpp">
      <Filter>Header Files</Filter>
    </ClInclude>
    <ClInclude Include="sources\ec_accessor.hpp">
      <Filter>Header Files</Filter>
    </ClInclude>
    <ClInclude Include="sources\vlog_import\ec_vlog_module_item_importer.hpp">
      <Filter>Header Files</Filter>
    </ClInclude>
    <ClInclude Include="sources\vlog_import\ec_vlog_net_extractor.hpp">
      <Filter>Header Files</Filter>
    </ClInclude>
    <ClInclude Include="sources\vlog_import\ec_vlog_base_net_importer.hpp">
      <Filter>Header Files</Filter>
    </ClInclude>
    <ClInclude Include="sources\vlog_import\ec_variable_importer.hpp">
      <Filter>Header Files</Filter>
    </ClInclude>
    <ClInclude Include="sources\vlog_import\ec_vlog_dataflow_process_importer.hpp">
      <Filter>Header Files</Filter>
    </ClInclude>
    <ClInclude Include="sources\vlog_import\ec_vlog_expression_importer.hpp">
      <Filter>Header Files</Filter>
    </ClInclude>
    <ClInclude Include="sources\vlog_import\ec_vlog_identifier_importer.hpp">
      <Filter>Header Files</Filter>
    </ClInclude>
    <ClInclude Include="sources\vlog_import\ec_vlog_range_importer.hpp">
      <Filter>Header Files</Filter>
    </ClInclude>
    <ClInclude Include="sources\vlog_import\ec_vlog_statement_importer.hpp">
      <Filter>Header Files</Filter>
    </ClInclude>
    <ClInclude Include="sources\vlog_import\ec_vlog_behavioral_process_importer.hpp">
      <Filter>Header Files</Filter>
    </ClInclude>
  </ItemGroup>
  <ItemGroup>
    <ClCompile Include="stdafx.cpp">
      <Filter>Source Files</Filter>
    </ClCompile>
    <ClCompile Include="ANTLRGenerated\Verilog2001Lexer.cpp">
      <Filter>Source Files</Filter>
    </ClCompile>
    <ClCompile Include="ANTLRGenerated\Verilog2001Parser.cpp">
      <Filter>Source Files</Filter>
    </ClCompile>
    <ClCompile Include="sources\vlog_import\ec_vlog_base_importer.cpp">
      <Filter>Source Files</Filter>
    </ClCompile>
    <ClCompile Include="sources\vlog_import\ec_vlog_design_unit_importer.cpp">
      <Filter>Source Files</Filter>
    </ClCompile>
    <ClCompile Include="sources\vlog_import\ec_vlog_port_importer.cpp">
      <Filter>Source Files</Filter>
    </ClCompile>
    <ClCompile Include="sources\ec_accessor.cpp">
      <Filter>Source Files</Filter>
    </ClCompile>
    <ClCompile Include="sources\vlog_import\ec_vlog_module_item_importer.cpp">
      <Filter>Source Files</Filter>
    </ClCompile>
    <ClCompile Include="sources\vlog_import\ec_vlog_net_extractor.cpp">
      <Filter>Source Files</Filter>
    </ClCompile>
    <ClCompile Include="sources\vlog_import\ec_vlog_base_net_importer.cpp">
      <Filter>Source Files</Filter>
    </ClCompile>
    <ClCompile Include="sources\vlog_import\ec_variable_importer.cpp">
      <Filter>Source Files</Filter>
    </ClCompile>
    <ClCompile Include="sources\vlog_import\ec_vlog_dataflow_process_importer.cpp">
      <Filter>Source Files</Filter>
    </ClCompile>
    <ClCompile Include="sources\vlog_import\ec_vlog_expression_importer.cpp">
      <Filter>Source Files</Filter>
    </ClCompile>
    <ClCompile Include="sources\vlog_import\ec_vlog_identifier_importer.cpp">
      <Filter>Source Files</Filter>
    </ClCompile>
    <ClCompile Include="sources\vlog_import\ec_vlog_range_importer.cpp">
      <Filter>Source Files</Filter>
    </ClCompile>
    <ClCompile Include="sources\vlog_import\ec_vlog_statement_importer.cpp">
      <Filter>Source Files</Filter>
    </ClCompile>
    <ClCompile Include="sources\vlog_import\ec_vlog_behavioral_process_importer.cpp">
      <Filter>Source Files</Filter>
    </ClCompile>
  </ItemGroup>
</Project>