<?xml version="1.0" encoding="utf-8"?>
<Project ToolsVersion="4.0" xmlns="http://schemas.microsoft.com/developer/msbuild/2003">
  <ItemGroup>
    <Filter Include="Source Files">
      <UniqueIdentifier>{4FC737F1-C7A5-4376-A066-2A32D752A2FF}</UniqueIdentifier>
      <Extensions>cpp;c;cc;cxx;def;odl;idl;hpj;bat;asm;asmx</Extensions>
    </Filter>
    <Filter Include="Header Files">
      <UniqueIdentifier>{93995380-89BD-4b04-88EB-625FBE52EBFB}</UniqueIdentifier>
      <Extensions>h;hh;hpp;hxx;hm;inl;inc;xsd</Extensions>
    </Filter>
    <Filter Include="Resource Files">
      <UniqueIdentifier>{67DA6AB6-F800-4c08-8B7A-83BB121AAD01}</UniqueIdentifier>
      <Extensions>rc;ico;cur;bmp;dlg;rc2;rct;bin;rgs;gif;jpg;jpeg;jpe;resx;tiff;tif;png;wav;mfcribbon-ms</Extensions>
    </Filter>
  </ItemGroup>
  <ItemGroup>
    <ClInclude Include="stdafx.h">
      <Filter>Header Files</Filter>
    </ClInclude>
    <ClInclude Include="targetver.h">
      <Filter>Header Files</Filter>
    </ClInclude>
    <ClInclude Include="api\contexsts\aep_model_assertion_context.hpp">
      <Filter>Header Files</Filter>
    </ClInclude>
    <ClInclude Include="api\contexsts\aep_model_instance_based_context.hpp">
      <Filter>Header Files</Filter>
    </ClInclude>
    <ClInclude Include="api\aep_model_referenced_signal_info.hpp">
      <Filter>Header Files</Filter>
    </ClInclude>
    <ClInclude Include="api\aep_model_inner_signal_info.hpp">
      <Filter>Header Files</Filter>
    </ClInclude>
    <ClInclude Include="api\checkers\checker_values\aep_model_generic_type.hpp">
      <Filter>Header Files</Filter>
    </ClInclude>
    <ClInclude Include="api\checkers\checker_values\aep_model_port_kind.hpp">
      <Filter>Header Files</Filter>
    </ClInclude>
    <ClInclude Include="api\checkers\checker_values\aep_model_clock_edge.hpp">
      <Filter>Header Files</Filter>
    </ClInclude>
    <ClInclude Include="api\checkers\checker_values\aep_model_reset_polarity.hpp">
      <Filter>Header Files</Filter>
    </ClInclude>
    <ClInclude Include="api\checkers\checker_values\aep_model_severity_level.hpp">
      <Filter>Header Files</Filter>
    </ClInclude>
    <ClInclude Include="ih\writable\aep_model_assertion_context.hpp">
      <Filter>Header Files</Filter>
    </ClInclude>
    <ClInclude Include="api\checkers\ovl\aep_model_ovl_checker_ids.hpp">
      <Filter>Header Files</Filter>
    </ClInclude>
    <ClInclude Include="api\checkers\ovl\aep_model_ovl_generic_parameter.hpp">
      <Filter>Header Files</Filter>
    </ClInclude>
    <ClInclude Include="ih\visitors\aep_model_checker_generic_visitor.hpp">
      <Filter>Header Files</Filter>
    </ClInclude>
    <ClInclude Include="api\checkers\checker_values\aep_model_ovl_checker_integer_parameter.hpp">
      <Filter>Header Files</Filter>
    </ClInclude>
    <ClInclude Include="api\checkers\checker_values\aep_model_ovl_checker_string_parameter.hpp">
      <Filter>Header Files</Filter>
    </ClInclude>
    <ClInclude Include="api\checkers\checker_values\aep_model_declare_ovl_enum_checker_parameter.hpp">
      <Filter>Header Files</Filter>
    </ClInclude>
    <ClInclude Include="api\checkers\ovl\aep_model_ovl_checker.hpp">
      <Filter>Header Files</Filter>
    </ClInclude>
    <ClInclude Include="api\checkers\ovl\aep_model_ovl_checker_port.hpp">
      <Filter>Header Files</Filter>
    </ClInclude>
    <ClInclude Include="model\aep_model_utils.hpp">
      <Filter>Header Files</Filter>
    </ClInclude>
    <ClInclude Include="api\checkers\ovl\aep_model_ovl_checker_builder.hpp">
      <Filter>Header Files</Filter>
    </ClInclude>
    <ClInclude Include="api\aep_model_ovl_checker_generic_param_cast.hpp">
      <Filter>Header Files</Filter>
    </ClInclude>
    <ClInclude Include="ih\visitors\aep_model_checker_generic_non_const_visitor.hpp">
      <Filter>Header Files</Filter>
    </ClInclude>
    <ClInclude Include="api\checkers\aep_model_ovl_checkers_factory.hpp">
      <Filter>Header Files</Filter>
    </ClInclude>
    <ClInclude Include="api\aep_model_fwd.hpp">
      <Filter>Header Files</Filter>
    </ClInclude>
    <ClInclude Include="model\parameters\aep_model_ovl_enum_checker_parameter_impl.hpp">
      <Filter>Header Files</Filter>
    </ClInclude>
    <ClInclude Include="model\parameters\aep_model_base_checker_parameter_impl.hpp">
      <Filter>Header Files</Filter>
    </ClInclude>
    <ClInclude Include="model\checkers\checkers_builders\aep_model_base_checker_builder_impl.hpp">
      <Filter>Header Files</Filter>
    </ClInclude>
    <ClInclude Include="model\checkers\aep_model_ovl_checkers_factory_impl.hpp">
      <Filter>Header Files</Filter>
    </ClInclude>
    <ClInclude Include="model\checkers\aep_model_ovl_checker_base_impl.hpp">
      <Filter>Header Files</Filter>
    </ClInclude>
    <ClInclude Include="model\checkers\aep_model_ovl_checker_port_impl.hpp">
      <Filter>Header Files</Filter>
    </ClInclude>
    <ClInclude Include="model\checkers\aep_model_define_ovl_checkers.hpp">
      <Filter>Header Files</Filter>
    </ClInclude>
    <ClInclude Include="model\accessor\aep_model_accessor.hpp">
      <Filter>Header Files</Filter>
    </ClInclude>
    <ClInclude Include="api\aep_model_iaccessor.hpp">
      <Filter>Header Files</Filter>
    </ClInclude>
    <ClInclude Include="api\checkers\ovl\checker_builders\aep_model_always_checker_builder.hpp">
      <Filter>Header Files</Filter>
    </ClInclude>
    <ClInclude Include="model\checkers\checkers_builders\aep_model_ovl_always_checker_builder.hpp">
      <Filter>Header Files</Filter>
    </ClInclude>
  </ItemGroup>
  <ItemGroup>
    <ClCompile Include="stdafx.cpp">
      <Filter>Source Files</Filter>
    </ClCompile>
    <ClCompile Include="model\checkers\aep_model_ovl_checker_base_impl.cpp">
      <Filter>Source Files</Filter>
    </ClCompile>
    <ClCompile Include="model\checkers\aep_model_ovl_checkers_factory_impl.cpp">
      <Filter>Source Files</Filter>
    </ClCompile>
    <ClCompile Include="model\accessor\aep_model_accessor.cpp">
      <Filter>Source Files</Filter>
    </ClCompile>
  </ItemGroup>
</Project>