<?xml version="1.0" encoding="utf-8"?>
<Project ToolsVersion="4.0" xmlns="http://schemas.microsoft.com/developer/msbuild/2003">
  <ItemGroup>
    <Filter Include="Source Files">
      <UniqueIdentifier>{4FC737F1-C7A5-4376-A066-2A32D752A2FF}</UniqueIdentifier>
      <Extensions>cpp;c;cc;cxx;def;odl;idl;hpj;bat;asm;asmx</Extensions>
    </Filter>
    <Filter Include="Header Files">
      <UniqueIdentifier>{93995380-89BD-4b04-88EB-625FBE52EBFB}</UniqueIdentifier>
      <Extensions>h;hh;hpp;hxx;hm;inl;inc;xsd</Extensions>
    </Filter>
    <Filter Include="Resource Files">
      <UniqueIdentifier>{67DA6AB6-F800-4c08-8B7A-83BB121AAD01}</UniqueIdentifier>
      <Extensions>rc;ico;cur;bmp;dlg;rc2;rct;bin;rgs;gif;jpg;jpeg;jpe;resx;tiff;tif;png;wav;mfcribbon-ms</Extensions>
    </Filter>
    <Filter Include="Header Files\api">
      <UniqueIdentifier>{28251e2e-d0ba-40b1-b8c9-3572c3a2b6c5}</UniqueIdentifier>
    </Filter>
  </ItemGroup>
  <ItemGroup>
    <ClInclude Include="stdafx.h">
      <Filter>Header Files</Filter>
    </ClInclude>
    <ClInclude Include="targetver.h">
      <Filter>Header Files</Filter>
    </ClInclude>
    <ClInclude Include="api\aep_iaccessor.hpp">
      <Filter>Header Files\api</Filter>
    </ClInclude>
    <ClInclude Include="checkers\aep_base_checker.hpp">
      <Filter>Header Files</Filter>
    </ClInclude>
    <ClInclude Include="checkers\aep_base_case_syn_directive_checker.hpp">
      <Filter>Header Files</Filter>
    </ClInclude>
    <ClInclude Include="utils\aep_utils_statement_query.hpp">
      <Filter>Header Files</Filter>
    </ClInclude>
    <ClInclude Include="accesor\aep_accessor.hpp">
      <Filter>Header Files</Filter>
    </ClInclude>
  </ItemGroup>
  <ItemGroup>
    <ClCompile Include="stdafx.cpp">
      <Filter>Source Files</Filter>
    </ClCompile>
    <ClCompile Include="checkers\aep_base_checker.cpp">
      <Filter>Source Files</Filter>
    </ClCompile>
    <ClCompile Include="checkers\aep_base_case_syn_directive_checker.cpp">
      <Filter>Source Files</Filter>
    </ClCompile>
    <ClCompile Include="utils\aep_utils_statement_query.cpp">
      <Filter>Source Files</Filter>
    </ClCompile>
    <ClCompile Include="accesor\aep_accessor.cpp">
      <Filter>Source Files</Filter>
    </ClCompile>
  </ItemGroup>
</Project>