<?xml version="1.0" encoding="utf-8"?>
<Project ToolsVersion="4.0" xmlns="http://schemas.microsoft.com/developer/msbuild/2003">
  <ItemGroup>
    <Filter Include="Source Files">
      <UniqueIdentifier>{4FC737F1-C7A5-4376-A066-2A32D752A2FF}</UniqueIdentifier>
      <Extensions>cpp;c;cc;cxx;def;odl;idl;hpj;bat;asm;asmx</Extensions>
    </Filter>
    <Filter Include="Header Files">
      <UniqueIdentifier>{93995380-89BD-4b04-88EB-625FBE52EBFB}</UniqueIdentifier>
      <Extensions>h;hh;hpp;hxx;hm;inl;inc;xsd</Extensions>
    </Filter>
    <Filter Include="Resource Files">
      <UniqueIdentifier>{67DA6AB6-F800-4c08-8B7A-83BB121AAD01}</UniqueIdentifier>
      <Extensions>rc;ico;cur;bmp;dlg;rc2;rct;bin;rgs;gif;jpg;jpeg;jpe;resx;tiff;tif;png;wav;mfcribbon-ms</Extensions>
    </Filter>
  </ItemGroup>
  <ItemGroup>
    <Text Include="ReadMe.txt" />
  </ItemGroup>
  <ItemGroup>
    <ClInclude Include="stdafx.h">
      <Filter>Header Files</Filter>
    </ClInclude>
    <ClInclude Include="targetver.h">
      <Filter>Header Files</Filter>
    </ClInclude>
    <ClInclude Include="api\vlog_dm_fwd.hpp">
      <Filter>Header Files</Filter>
    </ClInclude>
    <ClInclude Include="api\vlog_dm_iaccessor.hpp">
      <Filter>Header Files</Filter>
    </ClInclude>
    <ClInclude Include="api\vlog_dm_located.hpp">
      <Filter>Header Files</Filter>
    </ClInclude>
    <ClInclude Include="api\vlog_dm_location.hpp">
      <Filter>Header Files</Filter>
    </ClInclude>
    <ClInclude Include="api\vlog_dm_named.hpp">
      <Filter>Header Files</Filter>
    </ClInclude>
    <ClInclude Include="api\vlog_dm_declaration.hpp">
      <Filter>Header Files</Filter>
    </ClInclude>
    <ClInclude Include="api\vlog_dm_declared.hpp">
      <Filter>Header Files</Filter>
    </ClInclude>
    <ClInclude Include="api\vlog_dm_dimensional.hpp">
      <Filter>Header Files</Filter>
    </ClInclude>
    <ClInclude Include="api\vlog_dm_dimension.hpp">
      <Filter>Header Files</Filter>
    </ClInclude>
    <ClInclude Include="api\vlog_dm_packed_dimension.hpp">
      <Filter>Header Files</Filter>
    </ClInclude>
    <ClInclude Include="api\vlog_dm_dimension_visitor.hpp">
      <Filter>Header Files</Filter>
    </ClInclude>
    <ClInclude Include="api\vlog_dm_unpacked_dimension.hpp">
      <Filter>Header Files</Filter>
    </ClInclude>
    <ClInclude Include="api\vlog_dm_range.hpp">
      <Filter>Header Files</Filter>
    </ClInclude>
    <ClInclude Include="api\vlog_dm_expression_range.hpp">
      <Filter>Header Files</Filter>
    </ClInclude>
    <ClInclude Include="api\vlog_dm_part_select_range.hpp">
      <Filter>Header Files</Filter>
    </ClInclude>
    <ClInclude Include="api\vlog_dm_expression.hpp">
      <Filter>Header Files</Filter>
    </ClInclude>
    <ClInclude Include="api\vlog_dm_primary_literal.hpp">
      <Filter>Header Files</Filter>
    </ClInclude>
    <ClInclude Include="api\vlog_dm_number_literal.hpp">
      <Filter>Header Files</Filter>
    </ClInclude>
    <ClInclude Include="api\vlog_dm_integral_based_literal.hpp">
      <Filter>Header Files</Filter>
    </ClInclude>
    <ClInclude Include="api\vlog_dm_port.hpp">
      <Filter>Header Files</Filter>
    </ClInclude>
    <ClInclude Include="sources\model\factory\vlog_dm_design_unit_factory_impl.hpp">
      <Filter>Header Files</Filter>
    </ClInclude>
    <ClInclude Include="sources\model\vlog_dm_accessor.hpp">
      <Filter>Header Files</Filter>
    </ClInclude>
    <ClInclude Include="sources\model\vlog_dm_declared_impl.hpp">
      <Filter>Header Files</Filter>
    </ClInclude>
    <ClInclude Include="sources\model\vlog_dm_located_impl.hpp">
      <Filter>Header Files</Filter>
    </ClInclude>
    <ClInclude Include="sources\model\vlog_dm_named_impl.hpp">
      <Filter>Header Files</Filter>
    </ClInclude>
    <ClInclude Include="sources\model\vlog_dm_named_located_impl.hpp">
      <Filter>Header Files</Filter>
    </ClInclude>
    <ClInclude Include="sources\model\vlog_dm_base_expression_impl.hpp">
      <Filter>Header Files</Filter>
    </ClInclude>
    <ClInclude Include="api\vlog_dm_expression_visitor.hpp">
      <Filter>Header Files</Filter>
    </ClInclude>
    <ClInclude Include="api\vlog_dm_port_declaration.hpp">
      <Filter>Header Files</Filter>
    </ClInclude>
    <ClInclude Include="sources\model\factory\vlog_dm_declarations_factory_impl.hpp">
      <Filter>Header Files</Filter>
    </ClInclude>
    <ClInclude Include="sources\model\vlog_dm_port_impl.hpp">
      <Filter>Header Files</Filter>
    </ClInclude>
    <ClInclude Include="ih\writable\vlog_dm_declaration.hpp">
      <Filter>Header Files</Filter>
    </ClInclude>
    <ClInclude Include="sources\model\vlog_dm_declaration_impl.hpp">
      <Filter>Header Files</Filter>
    </ClInclude>
    <ClInclude Include="sources\model\vlog_dm_port_declaration_impl.hpp">
      <Filter>Header Files</Filter>
    </ClInclude>
    <ClInclude Include="ih\writable\vlog_dm_declaration_factory.hpp">
      <Filter>Header Files</Filter>
    </ClInclude>
    <ClInclude Include="api\vlog_dm_design_unit.hpp">
      <Filter>Header Files</Filter>
    </ClInclude>
    <ClInclude Include="sources\model\vlog_dm_design_unit_impl.hpp">
      <Filter>Header Files</Filter>
    </ClInclude>
    <ClInclude Include="ih\writable\vlog_dm_design_unit_factory.hpp">
      <Filter>Header Files</Filter>
    </ClInclude>
    <ClInclude Include="api\vlog_dm_port_directrion.hpp">
      <Filter>Header Files</Filter>
    </ClInclude>
    <ClInclude Include="sources\model\factory\vlog_dm_declared_factory_impl.hpp">
      <Filter>Header Files</Filter>
    </ClInclude>
    <ClInclude Include="ih\writable\vlog_dm_declared_factory.hpp">
      <Filter>Header Files</Filter>
    </ClInclude>
    <ClInclude Include="ih\writable\vlog_dm_items_factory.hpp">
      <Filter>Header Files</Filter>
    </ClInclude>
    <ClInclude Include="sources\model\factory\vlog_dm_items_factory_impl.hpp">
      <Filter>Header Files</Filter>
    </ClInclude>
    <ClInclude Include="sources\model\vlog_dm_dimension_impl.hpp">
      <Filter>Header Files</Filter>
    </ClInclude>
    <ClInclude Include="sources\model\vlog_dm_primary_literal_impl.hpp">
      <Filter>Header Files</Filter>
    </ClInclude>
    <ClInclude Include="ih\writable\vlog_dm_expression_factory.hpp">
      <Filter>Header Files</Filter>
    </ClInclude>
    <ClInclude Include="sources\model\factory\vlog_dm_expression_factory_impl.hpp">
      <Filter>Header Files</Filter>
    </ClInclude>
    <ClInclude Include="api\vlog_dm_declarations_container.hpp">
      <Filter>Header Files</Filter>
    </ClInclude>
    <ClInclude Include="ih\writable\vlog_dm_declarations_container.hpp">
      <Filter>Header Files</Filter>
    </ClInclude>
    <ClInclude Include="sources\model\vlog_dm_declarations_container_impl.hpp">
      <Filter>Header Files</Filter>
    </ClInclude>
    <ClInclude Include="ih\visitors\vlog_dm_declaration_visitor.hpp">
      <Filter>Header Files</Filter>
    </ClInclude>
    <ClInclude Include="api\vlog_dm_declaration_cast.hpp">
      <Filter>Header Files</Filter>
    </ClInclude>
    <ClInclude Include="ih\visitors\vlog_dm_range_visitor.hpp">
      <Filter>Header Files</Filter>
    </ClInclude>
    <ClInclude Include="ih\visitors\vlog_dm_declared_visitor.hpp">
      <Filter>Header Files</Filter>
    </ClInclude>
    <ClInclude Include="api\vlog_dm_declared_cast.hpp">
      <Filter>Header Files</Filter>
    </ClInclude>
    <ClInclude Include="sources\model\vlog_dm_part_select_range_impl.hpp">
      <Filter>Header Files</Filter>
    </ClInclude>
    <ClInclude Include="ih\visitors\vlog_dm_expression_visitor.hpp">
      <Filter>Header Files</Filter>
    </ClInclude>
    <ClInclude Include="api\vlog_dm_expression_cast.hpp">
      <Filter>Header Files</Filter>
    </ClInclude>
    <ClInclude Include="api\vlog_dm_range_cast.hpp">
      <Filter>Header Files</Filter>
    </ClInclude>
    <ClInclude Include="api\vlog_dm_type.hpp">
      <Filter>Header Files</Filter>
    </ClInclude>
    <ClInclude Include="api\vlog_dm_net_kind.hpp">
      <Filter>Header Files</Filter>
    </ClInclude>
    <ClInclude Include="api\vlog_dm_net_type.hpp">
      <Filter>Header Files</Filter>
    </ClInclude>
    <ClInclude Include="ih\writable\vlog_dm_type_factory.hpp">
      <Filter>Header Files</Filter>
    </ClInclude>
    <ClInclude Include="sources\model\factory\vlog_dm_type_factory_impl.hpp">
      <Filter>Header Files</Filter>
    </ClInclude>
    <ClInclude Include="sources\model\vlog_dm_net_type_impl.hpp">
      <Filter>Header Files</Filter>
    </ClInclude>
    <ClInclude Include="sources\model\vlog_dm_dimensional_object_impl.hpp">
      <Filter>Header Files</Filter>
    </ClInclude>
    <ClInclude Include="sources\model\vlog_dm_dimensional_impl.hpp">
      <Filter>Header Files</Filter>
    </ClInclude>
    <ClInclude Include="ih\visitors\vlog_dm_type_visitor.hpp">
      <Filter>Header Files</Filter>
    </ClInclude>
    <ClInclude Include="api\vlog_dm_type_cast.hpp">
      <Filter>Header Files</Filter>
    </ClInclude>
    <ClInclude Include="api\vlog_dm_variable_kind.hpp">
      <Filter>Header Files</Filter>
    </ClInclude>
    <ClInclude Include="api\vlog_dm_variable_type.hpp">
      <Filter>Header Files</Filter>
    </ClInclude>
    <ClInclude Include="sources\model\vlog_dm_type_base_impl.hpp">
      <Filter>Header Files</Filter>
    </ClInclude>
    <ClInclude Include="sources\model\vlog_dm_variable_type_impl.hpp">
      <Filter>Header Files</Filter>
    </ClInclude>
    <ClInclude Include="api\vlog_dm_variable_declaration.hpp">
      <Filter>Header Files</Filter>
    </ClInclude>
    <ClInclude Include="sources\model\vlog_dm_variable_declaration_impl.hpp">
      <Filter>Header Files</Filter>
    </ClInclude>
    <ClInclude Include="api\vlog_dm_variable.hpp">
      <Filter>Header Files</Filter>
    </ClInclude>
    <ClInclude Include="sources\model\vlog_dm_variable_impl.hpp">
      <Filter>Header Files</Filter>
    </ClInclude>
    <ClInclude Include="api\vlog_dm_unpacked_dimension_impl.hpp">
      <Filter>Header Files</Filter>
    </ClInclude>
    <ClInclude Include="api\vlog_dm_multidimensional_range.hpp">
      <Filter>Header Files</Filter>
    </ClInclude>
    <ClInclude Include="ih\writable\vlog_dm_multidimensional_range.hpp">
      <Filter>Header Files</Filter>
    </ClInclude>
    <ClInclude Include="sources\model\vlog_dm_multidimensional_range_impl.hpp">
      <Filter>Header Files</Filter>
    </ClInclude>
    <ClInclude Include="api\vlog_dm_process.hpp">
      <Filter>Header Files</Filter>
    </ClInclude>
    <ClInclude Include="api\vlog_dm_statement.hpp">
      <Filter>Header Files</Filter>
    </ClInclude>
  </ItemGroup>
  <ItemGroup>
    <ClCompile Include="stdafx.cpp">
      <Filter>Source Files</Filter>
    </ClCompile>
    <ClCompile Include="sources\model\factory\vlog_dm_design_unit_factory_impl.cpp">
      <Filter>Source Files</Filter>
    </ClCompile>
    <ClCompile Include="sources\model\vlog_dm_accessor.cpp">
      <Filter>Source Files</Filter>
    </ClCompile>
    <ClCompile Include="sources\model\factory\vlog_dm_declarations_factory_impl.cpp">
      <Filter>Source Files</Filter>
    </ClCompile>
    <ClCompile Include="sources\model\vlog_dm_design_unit_impl.cpp">
      <Filter>Source Files</Filter>
    </ClCompile>
    <ClCompile Include="sources\model\vlog_dm_port_impl.cpp">
      <Filter>Source Files</Filter>
    </ClCompile>
    <ClCompile Include="sources\model\factory\vlog_dm_declared_factory_impl.cpp">
      <Filter>Source Files</Filter>
    </ClCompile>
    <ClCompile Include="sources\model\factory\vlog_dm_items_factory_impl.cpp">
      <Filter>Source Files</Filter>
    </ClCompile>
    <ClCompile Include="sources\model\factory\vlog_dm_expression_factory_impl.cpp">
      <Filter>Source Files</Filter>
    </ClCompile>
    <ClCompile Include="sources\model\vlog_dm_part_select_range_impl.cpp">
      <Filter>Source Files</Filter>
    </ClCompile>
    <ClCompile Include="sources\model\vlog_dm_primary_literal_impl.cpp">
      <Filter>Source Files</Filter>
    </ClCompile>
    <ClCompile Include="sources\model\factory\vlog_dm_type_factory_impl.cpp">
      <Filter>Source Files</Filter>
    </ClCompile>
    <ClCompile Include="sources\model\vlog_dm_variable_impl.cpp">
      <Filter>Source Files</Filter>
    </ClCompile>
    <ClCompile Include="sources\model\vlog_dm_multidimensional_range_impl.cpp">
      <Filter>Source Files</Filter>
    </ClCompile>
  </ItemGroup>
</Project>